
Microsoft Visual Studio Solution File, Format Version 12.00
# Visual Studio 14
VisualStudioVersion = 14.0.23107.0
MinimumVisualStudioVersion = 10.0.40219.1
Project("{D954291E-2A0B-460D-934E-DC6B0785DB48}") = "De.Server", "De.Server\De.Server.shproj", "{2E3774C2-ACC6-4558-BFE3-E5A011B5BAD0}"
EndProject
Project("{D954291E-2A0B-460D-934E-DC6B0785DB48}") = "De.Client", "De.Client\De.Client.shproj", "{5C4EEA78-B099-499B-957A-A0487919AA4E}"
EndProject
Global
	GlobalSection(SharedMSBuildProjectFiles) = preSolution
		De.Client\De.Client.projitems*{5c4eea78-b099-499b-957a-a0487919aa4e}*SharedItemsImports = 13
		De.Server\De.Server.projitems*{2e3774c2-acc6-4558-bfe3-e5a011b5bad0}*SharedItemsImports = 13
	EndGlobalSection
	GlobalSection(SolutionProperties) = preSolution
		HideSolutionNode = FALSE
	EndGlobalSection
EndGlobal
